<?xml version="1.0" encoding="utf-8"?>
<Project ToolsVersion="4.0" xmlns="http://schemas.microsoft.com/developer/msbuild/2003">
  <ItemGroup>
    <FxCompile Include="Direct3D\Shader\PixelShader.hlsl" />
    <FxCompile Include="Direct3D\Shader\VertexShader.hlsl" />
  </ItemGroup>
  <ItemGroup>
    <ClCompile Include="Animation.cpp" />
    <ClCompile Include="Assets.cpp" />
    <ClCompile Include="BoxCollider.cpp" />
    <ClCompile Include="Camera.cpp" />
    <ClCompile Include="CanvasUI.cpp" />
    <ClCompile Include="Collider.cpp" />
    <ClCompile Include="ColliderManager.cpp" />
    <ClCompile Include="DebugManager.cpp" />
    <ClCompile Include="DInput.cpp" />
    <ClCompile Include="Direct3D\Direct3D.cpp" />
    <ClCompile Include="Game.cpp" />
    <ClCompile Include="GameObject.cpp" />
    <ClCompile Include="Input.cpp" />
    <ClCompile Include="Material.cpp" />
    <ClCompile Include="Object.cpp" />
    <ClCompile Include="ObjectAnimation.cpp" />
    <ClCompile Include="Scene.cpp" />
    <ClCompile Include="ShadowObject.cpp" />
    <ClCompile Include="SphereCollider.cpp" />
    <ClCompile Include="Sprite.cpp" />
    <ClCompile Include="Stage.cpp" />
    <ClCompile Include="SceneManager.cpp" />
    <ClCompile Include="StaticAnimation.cpp" />
    <ClCompile Include="StaticObject.cpp" />
    <ClCompile Include="TrackCamera.cpp" />
    <ClCompile Include="WICTextureLoader.cpp" />
    <ClCompile Include="WinMain.cpp" />
    <ClCompile Include="SAT.cpp" />
    <ClCompile Include="RailManager.cpp" />
  </ItemGroup>
  <ItemGroup>
    <ClInclude Include="Animation.h" />
    <ClInclude Include="Assets.h" />
    <ClInclude Include="BoxCollider.h" />
    <ClInclude Include="Camera.h" />
    <ClInclude Include="CanvasUI.h" />
    <ClInclude Include="Collider.h" />
    <ClInclude Include="ColliderManager.h" />
    <ClInclude Include="DebugManager.h" />
    <ClInclude Include="DInput.h" />
    <ClInclude Include="Direct3D\Direct3D.h" />
    <ClInclude Include="Direct3D\Shader\PixelShader.h" />
    <ClInclude Include="Direct3D\Shader\VertexShader.h" />
    <ClInclude Include="Game.h" />
    <ClInclude Include="GameObject.h" />
    <ClInclude Include="Input.h" />
    <ClInclude Include="Material.h" />
    <ClInclude Include="Object.h" />
    <ClInclude Include="ObjectAnimation.h" />
    <ClInclude Include="Scene.h" />
    <ClInclude Include="ShadowObject.h" />
    <ClInclude Include="Assets.h">
      <Filter>Assets</Filter>
    </ClInclude>
    <ClInclude Include="Animation.h">
      <Filter>Animation</Filter>
    </ClInclude>
    <ClInclude Include="BoxCollider.h">
      <Filter>Collider</Filter>
    </ClInclude>
    <ClInclude Include="Camera.h">
      <Filter>Camera</Filter>
    </ClInclude>
    <ClInclude Include="CanvasUI.h">
      <Filter>CanvasUI</Filter>
    </ClInclude>
    <ClInclude Include="Collider.h">
      <Filter>Collider</Filter>
    </ClInclude>
    <ClInclude Include="ColliderManager.h">
      <Filter>Collider</Filter>
    </ClInclude>
    <ClInclude Include="DebugManager.h">
      <Filter>DebugManager</Filter>
    </ClInclude>
    <ClInclude Include="DInput.h">
      <Filter>Input\KBInput</Filter>
    </ClInclude>
    <ClInclude Include="Input.h">
      <Filter>Input\ControllerInput</Filter>
    </ClInclude>
    <ClInclude Include="Direct3D\Direct3D.h">
      <Filter>Direct3d</Filter>
    </ClInclude>
    <ClInclude Include="Game.h">
      <Filter>Game</Filter>
    </ClInclude>
    <ClInclude Include="GameObject.h">
      <Filter>GameObject</Filter>
    </ClInclude>
    <ClInclude Include="Scene.h">
      <Filter>SceneManager</Filter>
    </ClInclude>
    <ClInclude Include="SceneManager.h">
      <Filter>SceneManager</Filter>
    </ClInclude>
    <ClInclude Include="ObjectAnimation.h">
      <Filter>Animation</Filter>
    </ClInclude>
    <ClInclude Include="SphereCollider.h">
      <Filter>Collider</Filter>
    </ClInclude>
    <ClInclude Include="Material.h">
      <Filter>BaseObject</Filter>
    </ClInclude>
    <ClInclude Include="Object.h">
      <Filter>BaseObject\Object</Filter>
    </ClInclude>
    <ClInclude Include="Direct3D\Shader\PixelShader.h">
      <Filter>Direct3d\ShaderFile</Filter>
    </ClInclude>
    <ClInclude Include="Direct3D\Shader\VertexShader.h">
      <Filter>Direct3d</Filter>
    </ClInclude>
    <ClInclude Include="WICTextureLoader.h">
      <Filter>Direct3d</Filter>
    </ClInclude>
    <ClInclude Include="Stage.h">
      <Filter>SceneManager</Filter>
    </ClInclude>
    <ClInclude Include="StaticAnimation.h">
      <Filter>Animation</Filter>
    </ClInclude>
    <ClInclude Include="StaticObject.h">
      <Filter>StaticObject</Filter>
    </ClInclude>
    <ClInclude Include="TrackCamera.h">
      <Filter>Camera</Filter>
    </ClInclude>
    <ClInclude Include="Sprite.h">
      <Filter>BaseObject</Filter>
    </ClInclude>
  </ItemGroup>
  <ItemGroup>
    <Filter Include="Animation">
      <UniqueIdentifier>{4b745aec-3a8e-449d-940a-1af6838996b8}</UniqueIdentifier>
    </Filter>
    <Filter Include="BaseObject">
      <UniqueIdentifier>{d040bdbc-52c6-4085-96e9-f21f0face15f}</UniqueIdentifier>
    </Filter>
    <Filter Include="GameObject">
      <UniqueIdentifier>{f58dcecf-197b-4d36-a4c8-06b5005db9a4}</UniqueIdentifier>
    </Filter>
    <Filter Include="CanvasUI">
      <UniqueIdentifier>{73cd03bc-0498-42f9-9122-60f35eaaef5c}</UniqueIdentifier>
    </Filter>
    <Filter Include="Camera">
      <UniqueIdentifier>{4dc36dca-4def-4637-aae6-241bb3fc3d81}</UniqueIdentifier>
    </Filter>
    <Filter Include="Assets">
      <UniqueIdentifier>{43a23f9a-7106-480b-9eec-63fe37e7593f}</UniqueIdentifier>
    </Filter>
    <Filter Include="Collider">
      <UniqueIdentifier>{bd44c970-c55a-45b7-a119-91450ddc2ff0}</UniqueIdentifier>
    </Filter>
    <Filter Include="DebugManager">
      <UniqueIdentifier>{26b8c61f-3dc6-49dc-9eb2-8d6ac35d5257}</UniqueIdentifier>
    </Filter>
    <Filter Include="Input">
      <UniqueIdentifier>{be3320d1-cd1b-4692-8428-26147ee75e4c}</UniqueIdentifier>
    </Filter>
    <Filter Include="Input\KBInput">
      <UniqueIdentifier>{c22c8188-6891-4765-8c4e-6207c25494b4}</UniqueIdentifier>
    </Filter>
    <Filter Include="Input\ControllerInput">
      <UniqueIdentifier>{bcc0b864-90e9-4ecc-a76e-d37ad7875741}</UniqueIdentifier>
    </Filter>
    <Filter Include="Direct3d">
      <UniqueIdentifier>{616d73ee-9ed2-4e8f-8398-d5c0ff0f90e6}</UniqueIdentifier>
    </Filter>
    <Filter Include="Direct3d\ShaderFile">
      <UniqueIdentifier>{7502bd99-a799-4b41-bb8e-5e5b3c6aa612}</UniqueIdentifier>
    </Filter>
    <Filter Include="Game">
      <UniqueIdentifier>{b4bf2381-0dc2-493d-8792-dcdf98d697ad}</UniqueIdentifier>
    </Filter>
    <Filter Include="SceneManager">
      <UniqueIdentifier>{0c9dc638-760f-4254-a5a0-e614898c1910}</UniqueIdentifier>
    </Filter>
    <Filter Include="BaseObject\Object">
      <UniqueIdentifier>{41cf73f2-6a88-4b14-94ec-b08025af6ec4}</UniqueIdentifier>
    </Filter>
    <Filter Include="StaticObject">
      <UniqueIdentifier>{e972e916-1c94-4b0a-9a65-39f389b2024a}</UniqueIdentifier>
    </Filter>
  </ItemGroup>
</Project>