<?xml version="1.0" encoding="utf-8"?>
<Project ToolsVersion="4.0" xmlns="http://schemas.microsoft.com/developer/msbuild/2003">
  <ItemGroup>
    <FxCompile Include="Direct3D\Shader\PixelShader.hlsl">
      <Filter>Direct3D\ShaderFile</Filter>
    </FxCompile>
    <FxCompile Include="Direct3D\Shader\VertexShader.hlsl">
      <Filter>Direct3D\ShaderFile</Filter>
    </FxCompile>
  </ItemGroup>
  <ItemGroup>
    <ClCompile Include="WinMain.cpp" />
    <ClCompile Include="Direct3D\Direct3D.cpp">
      <Filter>Direct3D</Filter>
    </ClCompile>
    <ClCompile Include="Game.cpp">
      <Filter>Game</Filter>
    </ClCompile>
    <ClCompile Include="Camera.cpp">
      <Filter>Camera</Filter>
    </ClCompile>
    <ClCompile Include="TrackCamera.cpp">
      <Filter>Camera</Filter>
    </ClCompile>
    <ClCompile Include="Assets.cpp">
      <Filter>Assets</Filter>
    </ClCompile>
    <ClCompile Include="Animation.cpp">
      <Filter>Animation</Filter>
    </ClCompile>
    <ClCompile Include="Material.cpp">
      <Filter>Graphic</Filter>
    </ClCompile>
    <ClCompile Include="Sprite.cpp">
      <Filter>Graphic</Filter>
    </ClCompile>
    <ClCompile Include="Object.cpp">
      <Filter>BaseObject</Filter>
    </ClCompile>
    <ClCompile Include="WICTextureLoader.cpp">
      <Filter>Assets</Filter>
    </ClCompile>
    <ClCompile Include="Input.cpp">
      <Filter>ControllerInput</Filter>
    </ClCompile>
    <ClCompile Include="GameObject.cpp">
      <Filter>GameObject</Filter>
    </ClCompile>
    <ClCompile Include="ShadowObject.cpp" />
    <ClCompile Include="ObjectAnimation.cpp">
      <Filter>Animation\ObjectAnimation</Filter>
    </ClCompile>
    <ClCompile Include="StaticAnimation.cpp">
      <Filter>Animation\StaticAnimation</Filter>
    </ClCompile>
    <ClCompile Include="source.cpp" />
    <ClCompile Include="Collider.cpp">
      <Filter>Collider</Filter>
    </ClCompile>
    <ClCompile Include="CanvasUI.cpp">
      <Filter>CanvasUI</Filter>
    </ClCompile>
    <ClCompile Include="ColliderManager.cpp">
      <Filter>Collider</Filter>
    </ClCompile>
    <ClCompile Include="DebugManager.cpp">
      <Filter>DebugManager</Filter>
    </ClCompile>
    <ClCompile Include="DInput.cpp">
      <Filter>KeyboardInput</Filter>
    </ClCompile>
    <ClCompile Include="StaticObject.cpp" />
  </ItemGroup>
  <ItemGroup>
    <ClInclude Include="Direct3D\Direct3D.h">
      <Filter>Direct3D</Filter>
    </ClInclude>
    <ClInclude Include="Game.h">
      <Filter>Game</Filter>
    </ClInclude>
    <ClInclude Include="Camera.h">
      <Filter>Camera</Filter>
    </ClInclude>
    <ClInclude Include="TrackCamera.h">
      <Filter>Camera</Filter>
    </ClInclude>
    <ClInclude Include="Assets.h">
      <Filter>Assets</Filter>
    </ClInclude>
    <ClInclude Include="Animation.h">
      <Filter>Animation</Filter>
    </ClInclude>
    <ClInclude Include="Direct3D\Shader\PixelShader.h">
      <Filter>Direct3D\ShaderFile</Filter>
    </ClInclude>
    <ClInclude Include="Direct3D\Shader\VertexShader.h">
      <Filter>Direct3D\ShaderFile</Filter>
    </ClInclude>
    <ClInclude Include="Material.h">
      <Filter>Graphic</Filter>
    </ClInclude>
    <ClInclude Include="Sprite.h">
      <Filter>Graphic</Filter>
    </ClInclude>
    <ClInclude Include="Object.h">
      <Filter>BaseObject</Filter>
    </ClInclude>
    <ClInclude Include="WICTextureLoader.h">
      <Filter>Assets</Filter>
    </ClInclude>
    <ClInclude Include="Input.h">
      <Filter>ControllerInput</Filter>
    </ClInclude>
    <ClInclude Include="GameObject.h">
      <Filter>GameObject</Filter>
    </ClInclude>
    <ClInclude Include="ShadowObject.h" />
    <ClInclude Include="ObjectAnimation.h">
      <Filter>Animation\ObjectAnimation</Filter>
    </ClInclude>
    <ClInclude Include="StaticAnimation.h">
      <Filter>Animation\StaticAnimation</Filter>
    </ClInclude>
    <ClInclude Include="Collider.h">
      <Filter>Collider</Filter>
    </ClInclude>
    <ClInclude Include="CanvasUI.h">
      <Filter>CanvasUI</Filter>
    </ClInclude>
    <ClInclude Include="ColliderManager.h">
      <Filter>Collider</Filter>
    </ClInclude>
    <ClInclude Include="DebugManager.h">
      <Filter>DebugManager</Filter>
    </ClInclude>
    <ClInclude Include="DInput.h">
      <Filter>KeyboardInput</Filter>
    </ClInclude>
    <ClInclude Include="StaticObject.h" />
  </ItemGroup>
  <ItemGroup>
    <Filter Include="Direct3D">
      <UniqueIdentifier>{982c99ce-9f4a-4f0c-9c96-255e74c4a5b1}</UniqueIdentifier>
    </Filter>
    <Filter Include="Game">
      <UniqueIdentifier>{fa19575d-48c1-499e-b01f-78629fa68fe2}</UniqueIdentifier>
    </Filter>
    <Filter Include="Camera">
      <UniqueIdentifier>{5781a4bd-2c30-46b5-91ff-0110ad3aa239}</UniqueIdentifier>
    </Filter>
    <Filter Include="Animation">
      <UniqueIdentifier>{9eccba5c-c06b-4bdf-a315-67a19e5d1f2d}</UniqueIdentifier>
    </Filter>
    <Filter Include="Graphic">
      <UniqueIdentifier>{c4808cbb-417a-446c-a5b0-0d994cb7810b}</UniqueIdentifier>
    </Filter>
    <Filter Include="Assets">
      <UniqueIdentifier>{ae88ca4d-50d5-41ae-9e8f-7273dd0176bb}</UniqueIdentifier>
    </Filter>
    <Filter Include="KeyboardInput">
      <UniqueIdentifier>{ddead9df-1d02-40a5-9189-4b62502369d4}</UniqueIdentifier>
    </Filter>
    <Filter Include="GameObject">
      <UniqueIdentifier>{af014f85-2d18-43e8-a644-55e5fc0e7fbf}</UniqueIdentifier>
    </Filter>
    <Filter Include="Animation\ObjectAnimation">
      <UniqueIdentifier>{d97b9648-d7f1-4be2-8174-82366a74c2ec}</UniqueIdentifier>
    </Filter>
    <Filter Include="Animation\StaticAnimation">
      <UniqueIdentifier>{e3ec9626-bdcf-4334-b4e6-6f15e7860f5a}</UniqueIdentifier>
    </Filter>
    <Filter Include="BaseObject">
      <UniqueIdentifier>{7411a4ef-3e2d-4a21-96f5-5fe4536bc471}</UniqueIdentifier>
    </Filter>
    <Filter Include="Collider">
      <UniqueIdentifier>{94bb60dd-4e35-4e1a-805c-4cd122fda45c}</UniqueIdentifier>
    </Filter>
    <Filter Include="Direct3D\ShaderFile">
      <UniqueIdentifier>{26bd6f8c-8e41-4be1-8c0a-5fb51c29de81}</UniqueIdentifier>
    </Filter>
    <Filter Include="CanvasUI">
      <UniqueIdentifier>{7f5b5dc6-261b-482f-95e4-52925c6953c3}</UniqueIdentifier>
    </Filter>
    <Filter Include="DebugManager">
      <UniqueIdentifier>{abb66bdc-8323-4d84-8e3a-20855b231344}</UniqueIdentifier>
    </Filter>
    <Filter Include="ControllerInput">
      <UniqueIdentifier>{7540cec1-0d0f-419e-8c9e-977daad1e6d5}</UniqueIdentifier>
    </Filter>
  </ItemGroup>
</Project>